
Microsoft Visual Studio Solution File, Format Version 12.00
# Visual Studio 15
VisualStudioVersion = 15.0.28307.539
MinimumVisualStudioVersion = 10.0.40219.1
Project("{FAE04EC0-301F-11D3-BF4B-00C04F79EFBC}") = "WScriptLib", "WScriptLib\WScriptLib.csproj", "{3EF7C6AD-F459-4939-A0C0-7DE933CD05ED}"
EndProject
Project("{FAE04EC0-301F-11D3-BF4B-00C04F79EFBC}") = "WScriptTest", "WScriptTest\WScriptTest.csproj", "{BA534C08-3AD4-4761-8A5E-83B072165879}"
EndProject
Global
	GlobalSection(SolutionConfigurationPlatforms) = preSolution
		Debug|Any CPU = Debug|Any CPU
		Release|Any CPU = Release|Any CPU
	EndGlobalSection
	GlobalSection(ProjectConfigurationPlatforms) = postSolution
		{3EF7C6AD-F459-4939-A0C0-7DE933CD05ED}.Debug|Any CPU.ActiveCfg = Debug|Any CPU
		{3EF7C6AD-F459-4939-A0C0-7DE933CD05ED}.Debug|Any CPU.Build.0 = Debug|Any CPU
		{3EF7C6AD-F459-4939-A0C0-7DE933CD05ED}.Release|Any CPU.ActiveCfg = Release|Any CPU
		{3EF7C6AD-F459-4939-A0C0-7DE933CD05ED}.Release|Any CPU.Build.0 = Release|Any CPU
		{BA534C08-3AD4-4761-8A5E-83B072165879}.Debug|Any CPU.ActiveCfg = Debug|Any CPU
		{BA534C08-3AD4-4761-8A5E-83B072165879}.Debug|Any CPU.Build.0 = Debug|Any CPU
		{BA534C08-3AD4-4761-8A5E-83B072165879}.Release|Any CPU.ActiveCfg = Release|Any CPU
		{BA534C08-3AD4-4761-8A5E-83B072165879}.Release|Any CPU.Build.0 = Release|Any CPU
	EndGlobalSection
	GlobalSection(SolutionProperties) = preSolution
		HideSolutionNode = FALSE
	EndGlobalSection
	GlobalSection(ExtensibilityGlobals) = postSolution
		SolutionGuid = {F8202E72-BF67-4184-BDF2-86C12631CB72}
	EndGlobalSection
EndGlobal
